
Microsoft Visual Studio Solution File, Format Version 12.00
# Visual Studio 15
VisualStudioVersion = 15.0.27130.2027
MinimumVisualStudioVersion = 10.0.40219.1
Project("{FAE04EC0-301F-11D3-BF4B-00C04F79EFBC}") = "FileSearch", "FileSearch.csproj", "{5995C609-70DD-4FA3-BF42-A82FCC5BF6D5}"
EndProject
Global
	GlobalSection(SolutionConfigurationPlatforms) = preSolution
		Debug|Any CPU = Debug|Any CPU
		Release|Any CPU = Release|Any CPU
	EndGlobalSection
	GlobalSection(ProjectConfigurationPlatforms) = postSolution
		{5995C609-70DD-4FA3-BF42-A82FCC5BF6D5}.Debug|Any CPU.ActiveCfg = Debug|Any CPU
		{5995C609-70DD-4FA3-BF42-A82FCC5BF6D5}.Debug|Any CPU.Build.0 = Debug|Any CPU
		{5995C609-70DD-4FA3-BF42-A82FCC5BF6D5}.Release|Any CPU.ActiveCfg = Release|Any CPU
		{5995C609-70DD-4FA3-BF42-A82FCC5BF6D5}.Release|Any CPU.Build.0 = Release|Any CPU
	EndGlobalSection
	GlobalSection(SolutionProperties) = preSolution
		HideSolutionNode = FALSE
	EndGlobalSection
	GlobalSection(ExtensibilityGlobals) = postSolution
		SolutionGuid = {AF3DCD75-2239-4CA7-9C9D-5D20DD0DEFF1}
	EndGlobalSection
EndGlobal
